// !$*UTF8*$!
{
	archiveVersion = 1;
	classes = {
	};
	objectVersion = 48;
	objects = {

/* Begin PBXBuildFile section */
		A952D4191FE2AB5600C1677F /* AppDelegate.swift in Sources */ = {isa = PBXBuildFile; fileRef = A952D4181FE2AB5600C1677F /* AppDelegate.swift */; };
		A952D41B1FE2AB5600C1677F /* ViewController.swift in Sources */ = {isa = PBXBuildFile; fileRef = A952D41A1FE2AB5600C1677F /* ViewController.swift */; };
		A952D41E1FE2AB5600C1677F /* Main.storyboard in Resources */ = {isa = PBXBuildFile; fileRef = A952D41C1FE2AB5600C1677F /* Main.storyboard */; };
		A952D4201FE2AB5600C1677F /* Assets.xcassets in Resources */ = {isa = PBXBuildFile; fileRef = A952D41F1FE2AB5600C1677F /* Assets.xcassets */; };
		A952D4231FE2AB5600C1677F /* LaunchScreen.storyboard in Resources */ = {isa = PBXBuildFile; fileRef = A952D4211FE2AB5600C1677F /* LaunchScreen.storyboard */; };
		B82DD4AA62D47F9A52B30BB2 /* Pods_DemoRazorPay.framework in Frameworks */ = {isa = PBXBuildFile; fileRef = BF54C30A507EF2AB054FBF9D /* Pods_DemoRazorPay.framework */; };
/* End PBXBuildFile section */

/* Begin PBXFileReference section */
		5874C0398A3F760C6883526D /* Pods-DemoRazorPay.release.xcconfig */ = {isa = PBXFileReference; includeInIndex = 1; lastKnownFileType = text.xcconfig; name = "Pods-DemoRazorPay.release.xcconfig"; path = "Pods/Target Support Files/Pods-DemoRazorPay/Pods-DemoRazorPay.release.xcconfig"; sourceTree = "<group>"; };
		652E976C0B988169F7910D87 /* Pods-DemoRazorPay.debug.xcconfig */ = {isa = PBXFileReference; includeInIndex = 1; lastKnownFileType = text.xcconfig; name = "Pods-DemoRazorPay.debug.xcconfig"; path = "Pods/Target Support Files/Pods-DemoRazorPay/Pods-DemoRazorPay.debug.xcconfig"; sourceTree = "<group>"; };
		A952D4151FE2AB5600C1677F /* DemoRazorPay.app */ = {isa = PBXFileReference; explicitFileType = wrapper.application; includeInIndex = 0; path = DemoRazorPay.app; sourceTree = BUILT_PRODUCTS_DIR; };
		A952D4181FE2AB5600C1677F /* AppDelegate.swift */ = {isa = PBXFileReference; lastKnownFileType = sourcecode.swift; path = AppDelegate.swift; sourceTree = "<group>"; };
		A952D41A1FE2AB5600C1677F /* ViewController.swift */ = {isa = PBXFileReference; lastKnownFileType = sourcecode.swift; path = ViewController.swift; sourceTree = "<group>"; };
		A952D41D1FE2AB5600C1677F /* Base */ = {isa = PBXFileReference; lastKnownFileType = file.storyboard; name = Base; path = Base.lproj/Main.storyboard; sourceTree = "<group>"; };
		A952D41F1FE2AB5600C1677F /* Assets.xcassets */ = {isa = PBXFileReference; lastKnownFileType = folder.assetcatalog; path = Assets.xcassets; sourceTree = "<group>"; };
		A952D4221FE2AB5600C1677F /* Base */ = {isa = PBXFileReference; lastKnownFileType = file.storyboard; name = Base; path = Base.lproj/LaunchScreen.storyboard; sourceTree = "<group>"; };
		A952D4241FE2AB5600C1677F /* Info.plist */ = {isa = PBXFileReference; lastKnownFileType = text.plist.xml; path = Info.plist; sourceTree = "<group>"; };
		BF54C30A507EF2AB054FBF9D /* Pods_DemoRazorPay.framework */ = {isa = PBXFileReference; explicitFileType = wrapper.framework; includeInIndex = 0; path = Pods_DemoRazorPay.framework; sourceTree = BUILT_PRODUCTS_DIR; };
/* End PBXFileReference section */

/* Begin PBXFrameworksBuildPhase section */
		A952D4121FE2AB5600C1677F /* Frameworks */ = {
			isa = PBXFrameworksBuildPhase;
			buildActionMask = 2147483647;
			files = (
				B82DD4AA62D47F9A52B30BB2 /* Pods_DemoRazorPay.framework in Frameworks */,
			);
			runOnlyForDeploymentPostprocessing = 0;
		};
/* End PBXFrameworksBuildPhase section */

/* Begin PBXGroup section */
		06BEB49B320994C4DD6E4C55 /* Frameworks */ = {
			isa = PBXGroup;
			children = (
				BF54C30A507EF2AB054FBF9D /* Pods_DemoRazorPay.framework */,
			);
			name = Frameworks;
			sourceTree = "<group>";
		};
		9F4A6720237C2621C7BC3437 /* Pods */ = {
			isa = PBXGroup;
			children = (
				652E976C0B988169F7910D87 /* Pods-DemoRazorPay.debug.xcconfig */,
				5874C0398A3F760C6883526D /* Pods-DemoRazorPay.release.xcconfig */,
			);
			name = Pods;
			sourceTree = "<group>";
		};
		A952D40C1FE2AB5600C1677F = {
			isa = PBXGroup;
			children = (
				A952D4171FE2AB5600C1677F /* DemoRazorPay */,
				A952D4161FE2AB5600C1677F /* Products */,
				9F4A6720237C2621C7BC3437 /* Pods */,
				06BEB49B320994C4DD6E4C55 /* Frameworks */,
			);
			sourceTree = "<group>";
		};
		A952D4161FE2AB5600C1677F /* Products */ = {
			isa = PBXGroup;
			children = (
				A952D4151FE2AB5600C1677F /* DemoRazorPay.app */,
			);
			name = Products;
			sourceTree = "<group>";
		};
		A952D4171FE2AB5600C1677F /* DemoRazorPay */ = {
			isa = PBXGroup;
			children = (
				A952D4181FE2AB5600C1677F /* AppDelegate.swift */,
				A952D41A1FE2AB5600C1677F /* ViewController.swift */,
				A952D41C1FE2AB5600C1677F /* Main.storyboard */,
				A952D41F1FE2AB5600C1677F /* Assets.xcassets */,
				A952D4211FE2AB5600C1677F /* LaunchScreen.storyboard */,
				A952D4241FE2AB5600C1677F /* Info.plist */,
			);
			path = DemoRazorPay;
			sourceTree = "<group>";
		};
/* End PBXGroup section */

/* Begin PBXNativeTarget section */
		A952D4141FE2AB5600C1677F /* DemoRazorPay */ = {
			isa = PBXNativeTarget;
			buildConfigurationList = A952D4271FE2AB5600C1677F /* Build configuration list for PBXNativeTarget "DemoRazorPay" */;
			buildPhases = (
				34F5B9647889F02DF462EB8D /* [CP] Check Pods Manifest.lock */,
				A952D4111FE2AB5600C1677F /* Sources */,
				A952D4121FE2AB5600C1677F /* Frameworks */,
				A952D4131FE2AB5600C1677F /* Resources */,
				BED68865654FAF91AC524469 /* [CP] Embed Pods Frameworks */,
				04ACFD541E44E831B5906744 /* [CP] Copy Pods Resources */,
			);
			buildRules = (
			);
			dependencies = (
			);
			name = DemoRazorPay;
			productName = DemoRazorPay;
			productReference = A952D4151FE2AB5600C1677F /* DemoRazorPay.app */;
			productType = "com.apple.product-type.application";
		};
/* End PBXNativeTarget section */

/* Begin PBXProject section */
		A952D40D1FE2AB5600C1677F /* Project object */ = {
			isa = PBXProject;
			attributes = {
				LastSwiftUpdateCheck = 0910;
				LastUpgradeCheck = 0910;
				ORGANIZATIONNAME = Sooryen;
				TargetAttributes = {
					A952D4141FE2AB5600C1677F = {
						CreatedOnToolsVersion = 9.1;
						ProvisioningStyle = Automatic;
					};
				};
			};
			buildConfigurationList = A952D4101FE2AB5600C1677F /* Build configuration list for PBXProject "DemoRazorPay" */;
			compatibilityVersion = "Xcode 8.0";
			developmentRegion = en;
			hasScannedForEncodings = 0;
			knownRegions = (
				en,
				Base,
			);
			mainGroup = A952D40C1FE2AB5600C1677F;
			productRefGroup = A952D4161FE2AB5600C1677F /* Products */;
			projectDirPath = "";
			projectRoot = "";
			targets = (
				A952D4141FE2AB5600C1677F /* DemoRazorPay */,
			);
		};
/* End PBXProject section */

/* Begin PBXResourcesBuildPhase section */
		A952D4131FE2AB5600C1677F /* Resources */ = {
			isa = PBXResourcesBuildPhase;
			buildActionMask = 2147483647;
			files = (
				A952D4231FE2AB5600C1677F /* LaunchScreen.storyboard in Resources */,
				A952D4201FE2AB5600C1677F /* Assets.xcassets in Resources */,
				A952D41E1FE2AB5600C1677F /* Main.storyboard in Resources */,
			);
			runOnlyForDeploymentPostprocessing = 0;
		};
/* End PBXResourcesBuildPhase section */

/* Begin PBXShellScriptBuildPhase section */
		04ACFD541E44E831B5906744 /* [CP] Copy Pods Resources */ = {
			isa = PBXShellScriptBuildPhase;
			buildActionMask = 2147483647;
			files = (
			);
			inputPaths = (
			);
			name = "[CP] Copy Pods Resources";
			outputPaths = (
			);
			runOnlyForDeploymentPostprocessing = 0;
			shellPath = /bin/sh;
			shellScript = "\"${SRCROOT}/Pods/Target Support Files/Pods-DemoRazorPay/Pods-DemoRazorPay-resources.sh\"\n";
			showEnvVarsInLog = 0;
		};
		34F5B9647889F02DF462EB8D /* [CP] Check Pods Manifest.lock */ = {
			isa = PBXShellScriptBuildPhase;
			buildActionMask = 2147483647;
			files = (
			);
			inputPaths = (
				"${PODS_PODFILE_DIR_PATH}/Podfile.lock",
				"${PODS_ROOT}/Manifest.lock",
			);
			name = "[CP] Check Pods Manifest.lock";
			outputPaths = (
				"$(DERIVED_FILE_DIR)/Pods-DemoRazorPay-checkManifestLockResult.txt",
			);
			runOnlyForDeploymentPostprocessing = 0;
			shellPath = /bin/sh;
			shellScript = "diff \"${PODS_PODFILE_DIR_PATH}/Podfile.lock\" \"${PODS_ROOT}/Manifest.lock\" > /dev/null\nif [ $? != 0 ] ; then\n    # print error to STDERR\n    echo \"error: The sandbox is not in sync with the Podfile.lock. Run 'pod install' or update your CocoaPods installation.\" >&2\n    exit 1\nfi\n# This output is used by Xcode 'outputs' to avoid re-running this script phase.\necho \"SUCCESS\" > \"${SCRIPT_OUTPUT_FILE_0}\"\n";
			showEnvVarsInLog = 0;
		};
		BED68865654FAF91AC524469 /* [CP] Embed Pods Frameworks */ = {
			isa = PBXShellScriptBuildPhase;
			buildActionMask = 2147483647;
			files = (
			);
			inputPaths = (
				"${SRCROOT}/Pods/Target Support Files/Pods-DemoRazorPay/Pods-DemoRazorPay-frameworks.sh",
				"${PODS_ROOT}/razorpay-pod/Pod/Razorpay.framework",
			);
			name = "[CP] Embed Pods Frameworks";
			outputPaths = (
				"${TARGET_BUILD_DIR}/${FRAMEWORKS_FOLDER_PATH}/Razorpay.framework",
			);
			runOnlyForDeploymentPostprocessing = 0;
			shellPath = /bin/sh;
			shellScript = "\"${SRCROOT}/Pods/Target Support Files/Pods-DemoRazorPay/Pods-DemoRazorPay-frameworks.sh\"\n";
			showEnvVarsInLog = 0;
		};
/* End PBXShellScriptBuildPhase section */

/* Begin PBXSourcesBuildPhase section */
		A952D4111FE2AB5600C1677F /* Sources */ = {
			isa = PBXSourcesBuildPhase;
			buildActionMask = 2147483647;
			files = (
				A952D41B1FE2AB5600C1677F /* ViewController.swift in Sources */,
				A952D4191FE2AB5600C1677F /* AppDelegate.swift in Sources */,
			);
			runOnlyForDeploymentPostprocessing = 0;
		};
/* End PBXSourcesBuildPhase section */

/* Begin PBXVariantGroup section */
		A952D41C1FE2AB5600C1677F /* Main.storyboard */ = {
			isa = PBXVariantGroup;
			children = (
				A952D41D1FE2AB5600C1677F /* Base */,
			);
			name = Main.storyboard;
			sourceTree = "<group>";
		};
		A952D4211FE2AB5600C1677F /* LaunchScreen.storyboard */ = {
			isa = PBXVariantGroup;
			children = (
				A952D4221FE2AB5600C1677F /* Base */,
			);
			name = LaunchScreen.storyboard;
			sourceTree = "<group>";
		};
/* End PBXVariantGroup section */

/* Begin XCBuildConfiguration section */
		A952D4251FE2AB5600C1677F /* Debug */ = {
			isa = XCBuildConfiguration;
			buildSettings = {
				ALWAYS_SEARCH_USER_PATHS = NO;
				CLANG_ANALYZER_NONNULL = YES;
				CLANG_ANALYZER_NUMBER_OBJECT_CONVERSION = YES_AGGRESSIVE;
				CLANG_CXX_LANGUAGE_STANDARD = "gnu++14";
				CLANG_CXX_LIBRARY = "libc++";
				CLANG_ENABLE_MODULES = YES;
				CLANG_ENABLE_OBJC_ARC = YES;
				CLANG_WARN_BLOCK_CAPTURE_AUTORELEASING = YES;
				CLANG_WARN_BOOL_CONVERSION = YES;
				CLANG_WARN_COMMA = YES;
				CLANG_WARN_CONSTANT_CONVERSION = YES;
				CLANG_WARN_DIRECT_OBJC_ISA_USAGE = YES_ERROR;
				CLANG_WARN_DOCUMENTATION_COMMENTS = YES;
				CLANG_WARN_EMPTY_BODY = YES;
				CLANG_WARN_ENUM_CONVERSION = YES;
				CLANG_WARN_INFINITE_RECURSION = YES;
				CLANG_WARN_INT_CONVERSION = YES;
				CLANG_WARN_NON_LITERAL_NULL_CONVERSION = YES;
				CLANG_WARN_OBJC_LITERAL_CONVERSION = YES;
				CLANG_WARN_OBJC_ROOT_CLASS = YES_ERROR;
				CLANG_WARN_RANGE_LOOP_ANALYSIS = YES;
				CLANG_WARN_STRICT_PROTOTYPES = YES;
				CLANG_WARN_SUSPICIOUS_MOVE = YES;
				CLANG_WARN_UNGUARDED_AVAILABILITY = YES_AGGRESSIVE;
				CLANG_WARN_UNREACHABLE_CODE = YES;
				CLANG_WARN__DUPLICATE_METHOD_MATCH = YES;
				CODE_SIGN_IDENTITY = "iPhone Developer";
				COPY_PHASE_STRIP = NO;
				DEBUG_INFORMATION_FORMAT = dwarf;
				ENABLE_STRICT_OBJC_MSGSEND = YES;
				ENABLE_TESTABILITY = YES;
				GCC_C_LANGUAGE_STANDARD = gnu11;
				GCC_DYNAMIC_NO_PIC = NO;
				GCC_NO_COMMON_BLOCKS = YES;
				GCC_OPTIMIZATION_LEVEL = 0;
				GCC_PREPROCESSOR_DEFINITIONS = (
					"DEBUG=1",
					"$(inherited)",
				);
				GCC_WARN_64_TO_32_BIT_CONVERSION = YES;
				GCC_WARN_ABOUT_RETURN_TYPE = YES_ERROR;
				GCC_WARN_UNDECLARED_SELECTOR = YES;
				GCC_WARN_UNINITIALIZED_AUTOS = YES_AGGRESSIVE;
				GCC_WARN_UNUSED_FUNCTION = YES;
				GCC_WARN_UNUSED_VARIABLE = YES;
				IPHONEOS_DEPLOYMENT_TARGET = 11.1;
				MTL_ENABLE_DEBUG_INFO = YES;
				ONLY_ACTIVE_ARCH = YES;
				SDKROOT = iphoneos;
				SWIFT_ACTIVE_COMPILATION_CONDITIONS = DEBUG;
				SWIFT_OPTIMIZATION_LEVEL = "-Onone";
			};
			name = Debug;
		};
		A952D4261FE2AB5600C1677F /* Release */ = {
			isa = XCBuildConfiguration;
			buildSettings = {
				ALWAYS_SEARCH_USER_PATHS = NO;
				CLANG_ANALYZER_NONNULL = YES;
				CLANG_ANALYZER_NUMBER_OBJECT_CONVERSION = YES_AGGRESSIVE;
				CLANG_CXX_LANGUAGE_STANDARD = "gnu++14";
				CLANG_CXX_LIBRARY = "libc++";
				CLANG_ENABLE_MODULES = YES;
				CLANG_ENABLE_OBJC_ARC = YES;
				CLANG_WARN_BLOCK_CAPTURE_AUTORELEASING = YES;
				CLANG_WARN_BOOL_CONVERSION = YES;
				CLANG_WARN_COMMA = YES;
				CLANG_WARN_CONSTANT_CONVERSION = YES;
				CLANG_WARN_DIRECT_OBJC_ISA_USAGE = YES_ERROR;
				CLANG_WARN_DOCUMENTATION_COMMENTS = YES;
				CLANG_WARN_EMPTY_BODY = YES;
				CLANG_WARN_ENUM_CONVERSION = YES;
				CLANG_WARN_INFINITE_RECURSION = YES;
				CLANG_WARN_INT_CONVERSION = YES;
				CLANG_WARN_NON_LITERAL_NULL_CONVERSION = YES;
				CLANG_WARN_OBJC_LITERAL_CONVERSION = YES;
				CLANG_WARN_OBJC_ROOT_CLASS = YES_ERROR;
				CLANG_WARN_RANGE_LOOP_ANALYSIS = YES;
				CLANG_WARN_STRICT_PROTOTYPES = YES;
				CLANG_WARN_SUSPICIOUS_MOVE = YES;
				CLANG_WARN_UNGUARDED_AVAILABILITY = YES_AGGRESSIVE;
				CLANG_WARN_UNREACHABLE_CODE = YES;
				CLANG_WARN__DUPLICATE_METHOD_MATCH = YES;
				CODE_SIGN_IDENTITY = "iPhone Developer";
				COPY_PHASE_STRIP = NO;
				DEBUG_INFORMATION_FORMAT = "dwarf-with-dsym";
				ENABLE_NS_ASSERTIONS = NO;
				ENABLE_STRICT_OBJC_MSGSEND = YES;
				GCC_C_LANGUAGE_STANDARD = gnu11;
				GCC_NO_COMMON_BLOCKS = YES;
				GCC_WARN_64_TO_32_BIT_CONVERSION = YES;
				GCC_WARN_ABOUT_RETURN_TYPE = YES_ERROR;
				GCC_WARN_UNDECLARED_SELECTOR = YES;
				GCC_WARN_UNINITIALIZED_AUTOS = YES_AGGRESSIVE;
				GCC_WARN_UNUSED_FUNCTION = YES;
				GCC_WARN_UNUSED_VARIABLE = YES;
				IPHONEOS_DEPLOYMENT_TARGET = 11.1;
				MTL_ENABLE_DEBUG_INFO = NO;
				SDKROOT = iphoneos;
				SWIFT_OPTIMIZATION_LEVEL = "-Owholemodule";
				VALIDATE_PRODUCT = YES;
			};
			name = Release;
		};
		A952D4281FE2AB5600C1677F /* Debug */ = {
			isa = XCBuildConfiguration;
			baseConfigurationReference = 652E976C0B988169F7910D87 /* Pods-DemoRazorPay.debug.xcconfig */;
			buildSettings = {
				ASSETCATALOG_COMPILER_APPICON_NAME = AppIcon;
				CODE_SIGN_STYLE = Automatic;
				DEVELOPMENT_TEAM = DSLZS23XNW;
				INFOPLIST_FILE = DemoRazorPay/Info.plist;
				LD_RUNPATH_SEARCH_PATHS = "$(inherited) @executable_path/Frameworks";
				PRODUCT_BUNDLE_IDENTIFIER = com.sooryen.DemoRazorPay;
				PRODUCT_NAME = "$(TARGET_NAME)";
				SWIFT_VERSION = 4.0;
				TARGETED_DEVICE_FAMILY = "1,2";
			};
			name = Debug;
		};
		A952D4291FE2AB5600C1677F /* Release */ = {
			isa = XCBuildConfiguration;
			baseConfigurationReference = 5874C0398A3F760C6883526D /* Pods-DemoRazorPay.release.xcconfig */;
			buildSettings = {
				ASSETCATALOG_COMPILER_APPICON_NAME = AppIcon;
				CODE_SIGN_STYLE = Automatic;
				DEVELOPMENT_TEAM = DSLZS23XNW;
				INFOPLIST_FILE = DemoRazorPay/Info.plist;
				LD_RUNPATH_SEARCH_PATHS = "$(inherited) @executable_path/Frameworks";
				PRODUCT_BUNDLE_IDENTIFIER = com.sooryen.DemoRazorPay;
				PRODUCT_NAME = "$(TARGET_NAME)";
				SWIFT_VERSION = 4.0;
				TARGETED_DEVICE_FAMILY = "1,2";
			};
			name = Release;
		};
/* End XCBuildConfiguration section */

/* Begin XCConfigurationList section */
		A952D4101FE2AB5600C1677F /* Build configuration list for PBXProject "DemoRazorPay" */ = {
			isa = XCConfigurationList;
			buildConfigurations = (
				A952D4251FE2AB5600C1677F /* Debug */,
				A952D4261FE2AB5600C1677F /* Release */,
			);
			defaultConfigurationIsVisible = 0;
			defaultConfigurationName = Release;
		};
		A952D4271FE2AB5600C1677F /* Build configuration list for PBXNativeTarget "DemoRazorPay" */ = {
			isa = XCConfigurationList;
			buildConfigurations = (
				A952D4281FE2AB5600C1677F /* Debug */,
				A952D4291FE2AB5600C1677F /* Release */,
			);
			defaultConfigurationIsVisible = 0;
			defaultConfigurationName = Release;
		};
/* End XCConfigurationList section */
	};
	rootObject = A952D40D1FE2AB5600C1677F /* Project object */;
}
